{
  "requires": true,
  "lockfileVersion": 1,
  "dependencies": {
    "antd-password-input-strength": {
      "version": "1.1.1",
      "resolved": "https://registry.npmjs.org/antd-password-input-strength/-/antd-password-input-strength-1.1.1.tgz",
      "integrity": "sha512-+GlDcjxBaKkReE/O9T+Ff/kgJPJ5YjtcX5ZXnNXf2d2PJQxm8Fjkesmse/nB+WY0z9OQjpy3uNrKvVsZuY4VLg==",
      "requires": {
        "zxcvbn": "^4.4.2"
      }
    },
    "zxcvbn": {
      "version": "4.4.2",
      "resolved": "https://registry.npmjs.org/zxcvbn/-/zxcvbn-4.4.2.tgz",
      "integrity": "sha1-KOwXzwl0PtyrBW3dixsGJizHPDA="
    }
  }
}
